
Microsoft Visual Studio Solution File, Format Version 12.00
# Visual Studio Version 17
VisualStudioVersion = 17.3.32901.215
MinimumVisualStudioVersion = 10.0.40219.1
Project("{FAE04EC0-301F-11D3-BF4B-00C04F79EFBC}") = "tracuu", "tracuu\tracuu.csproj", "{43AD2F83-F1A1-4007-A9AA-BA2B3012BDB6}"
EndProject
Global
	GlobalSection(SolutionConfigurationPlatforms) = preSolution
		Debug|Any CPU = Debug|Any CPU
		Release|Any CPU = Release|Any CPU
	EndGlobalSection
	GlobalSection(ProjectConfigurationPlatforms) = postSolution
		{43AD2F83-F1A1-4007-A9AA-BA2B3012BDB6}.Debug|Any CPU.ActiveCfg = Debug|Any CPU
		{43AD2F83-F1A1-4007-A9AA-BA2B3012BDB6}.Debug|Any CPU.Build.0 = Debug|Any CPU
		{43AD2F83-F1A1-4007-A9AA-BA2B3012BDB6}.Release|Any CPU.ActiveCfg = Release|Any CPU
		{43AD2F83-F1A1-4007-A9AA-BA2B3012BDB6}.Release|Any CPU.Build.0 = Release|Any CPU
	EndGlobalSection
	GlobalSection(SolutionProperties) = preSolution
		HideSolutionNode = FALSE
	EndGlobalSection
	GlobalSection(ExtensibilityGlobals) = postSolution
		SolutionGuid = {AE02A611-3690-4577-9638-883A7AB1658B}
	EndGlobalSection
EndGlobal
